
Microsoft Visual Studio Solution File, Format Version 12.00
# Visual Studio Version 17
VisualStudioVersion = 17.2.32630.192
MinimumVisualStudioVersion = 10.0.40219.1
Project("{A07B5EB6-E848-4116-A8D0-A826331D98C6}") = "Postit", "Postit\Postit.sfproj", "{6AC877FD-22A7-4CD3-B884-91E93A39D713}"
EndProject
Project("{FAE04EC0-301F-11D3-BF4B-00C04F79EFBC}") = "Contracts", "Contracts\Contracts.csproj", "{FB9F6985-1BB4-4721-B234-669789AC3EC3}"
EndProject
Project("{FAE04EC0-301F-11D3-BF4B-00C04F79EFBC}") = "ClientWebAPI", "ClientWebAPI\ClientWebAPI.csproj", "{DB7C2355-E52F-4EB4-B64A-7172A632659D}"
EndProject
Project("{FAE04EC0-301F-11D3-BF4B-00C04F79EFBC}") = "PostManagementService", "PostManagementService\PostManagementService.csproj", "{E08DDEEA-E401-4013-ACCD-BEA159D36816}"
EndProject
Project("{FAE04EC0-301F-11D3-BF4B-00C04F79EFBC}") = "AuthenticatorService", "AuthenticatorService\AuthenticatorService.csproj", "{FF8CE8FD-F20B-4849-ADD2-6D857B917367}"
EndProject
Project("{FAE04EC0-301F-11D3-BF4B-00C04F79EFBC}") = "FeedGeneratorActor", "FeedGeneratorActor\FeedGeneratorActor.csproj", "{97E4C7A5-FDBF-4910-95FA-3F344679835A}"
EndProject
Project("{FAE04EC0-301F-11D3-BF4B-00C04F79EFBC}") = "FeedGeneratorActor.Interfaces", "FeedGeneratorActor.Interfaces\FeedGeneratorActor.Interfaces.csproj", "{38CE5DF0-A743-4324-A8FF-9AB2EFF26159}"
EndProject
Project("{FAE04EC0-301F-11D3-BF4B-00C04F79EFBC}") = "DataGeneratorService", "DataGeneratorService\DataGeneratorService.csproj", "{BE8EFE63-5CE9-4F6B-A33E-7461DBF0F54B}"
EndProject
Global
	GlobalSection(SolutionConfigurationPlatforms) = preSolution
		Debug|Any CPU = Debug|Any CPU
		Debug|x64 = Debug|x64
		Release|Any CPU = Release|Any CPU
		Release|x64 = Release|x64
	EndGlobalSection
	GlobalSection(ProjectConfigurationPlatforms) = postSolution
		{6AC877FD-22A7-4CD3-B884-91E93A39D713}.Debug|Any CPU.ActiveCfg = Debug|x64
		{6AC877FD-22A7-4CD3-B884-91E93A39D713}.Debug|Any CPU.Build.0 = Debug|x64
		{6AC877FD-22A7-4CD3-B884-91E93A39D713}.Debug|Any CPU.Deploy.0 = Debug|x64
		{6AC877FD-22A7-4CD3-B884-91E93A39D713}.Debug|x64.ActiveCfg = Debug|x64
		{6AC877FD-22A7-4CD3-B884-91E93A39D713}.Debug|x64.Build.0 = Debug|x64
		{6AC877FD-22A7-4CD3-B884-91E93A39D713}.Debug|x64.Deploy.0 = Debug|x64
		{6AC877FD-22A7-4CD3-B884-91E93A39D713}.Release|Any CPU.ActiveCfg = Release|x64
		{6AC877FD-22A7-4CD3-B884-91E93A39D713}.Release|Any CPU.Build.0 = Release|x64
		{6AC877FD-22A7-4CD3-B884-91E93A39D713}.Release|Any CPU.Deploy.0 = Release|x64
		{6AC877FD-22A7-4CD3-B884-91E93A39D713}.Release|x64.ActiveCfg = Release|x64
		{6AC877FD-22A7-4CD3-B884-91E93A39D713}.Release|x64.Build.0 = Release|x64
		{6AC877FD-22A7-4CD3-B884-91E93A39D713}.Release|x64.Deploy.0 = Release|x64
		{FB9F6985-1BB4-4721-B234-669789AC3EC3}.Debug|Any CPU.ActiveCfg = Debug|Any CPU
		{FB9F6985-1BB4-4721-B234-669789AC3EC3}.Debug|Any CPU.Build.0 = Debug|Any CPU
		{FB9F6985-1BB4-4721-B234-669789AC3EC3}.Debug|x64.ActiveCfg = Debug|Any CPU
		{FB9F6985-1BB4-4721-B234-669789AC3EC3}.Debug|x64.Build.0 = Debug|Any CPU
		{FB9F6985-1BB4-4721-B234-669789AC3EC3}.Release|Any CPU.ActiveCfg = Release|Any CPU
		{FB9F6985-1BB4-4721-B234-669789AC3EC3}.Release|Any CPU.Build.0 = Release|Any CPU
		{FB9F6985-1BB4-4721-B234-669789AC3EC3}.Release|x64.ActiveCfg = Release|Any CPU
		{FB9F6985-1BB4-4721-B234-669789AC3EC3}.Release|x64.Build.0 = Release|Any CPU
		{DB7C2355-E52F-4EB4-B64A-7172A632659D}.Debug|Any CPU.ActiveCfg = Debug|Any CPU
		{DB7C2355-E52F-4EB4-B64A-7172A632659D}.Debug|Any CPU.Build.0 = Debug|Any CPU
		{DB7C2355-E52F-4EB4-B64A-7172A632659D}.Debug|x64.ActiveCfg = Debug|Any CPU
		{DB7C2355-E52F-4EB4-B64A-7172A632659D}.Debug|x64.Build.0 = Debug|Any CPU
		{DB7C2355-E52F-4EB4-B64A-7172A632659D}.Release|Any CPU.ActiveCfg = Release|Any CPU
		{DB7C2355-E52F-4EB4-B64A-7172A632659D}.Release|Any CPU.Build.0 = Release|Any CPU
		{DB7C2355-E52F-4EB4-B64A-7172A632659D}.Release|x64.ActiveCfg = Release|Any CPU
		{DB7C2355-E52F-4EB4-B64A-7172A632659D}.Release|x64.Build.0 = Release|Any CPU
		{E08DDEEA-E401-4013-ACCD-BEA159D36816}.Debug|Any CPU.ActiveCfg = Debug|Any CPU
		{E08DDEEA-E401-4013-ACCD-BEA159D36816}.Debug|Any CPU.Build.0 = Debug|Any CPU
		{E08DDEEA-E401-4013-ACCD-BEA159D36816}.Debug|x64.ActiveCfg = Debug|Any CPU
		{E08DDEEA-E401-4013-ACCD-BEA159D36816}.Debug|x64.Build.0 = Debug|Any CPU
		{E08DDEEA-E401-4013-ACCD-BEA159D36816}.Release|Any CPU.ActiveCfg = Release|Any CPU
		{E08DDEEA-E401-4013-ACCD-BEA159D36816}.Release|Any CPU.Build.0 = Release|Any CPU
		{E08DDEEA-E401-4013-ACCD-BEA159D36816}.Release|x64.ActiveCfg = Release|Any CPU
		{E08DDEEA-E401-4013-ACCD-BEA159D36816}.Release|x64.Build.0 = Release|Any CPU
		{FF8CE8FD-F20B-4849-ADD2-6D857B917367}.Debug|Any CPU.ActiveCfg = Debug|Any CPU
		{FF8CE8FD-F20B-4849-ADD2-6D857B917367}.Debug|Any CPU.Build.0 = Debug|Any CPU
		{FF8CE8FD-F20B-4849-ADD2-6D857B917367}.Debug|x64.ActiveCfg = Debug|Any CPU
		{FF8CE8FD-F20B-4849-ADD2-6D857B917367}.Debug|x64.Build.0 = Debug|Any CPU
		{FF8CE8FD-F20B-4849-ADD2-6D857B917367}.Release|Any CPU.ActiveCfg = Release|Any CPU
		{FF8CE8FD-F20B-4849-ADD2-6D857B917367}.Release|Any CPU.Build.0 = Release|Any CPU
		{FF8CE8FD-F20B-4849-ADD2-6D857B917367}.Release|x64.ActiveCfg = Release|Any CPU
		{FF8CE8FD-F20B-4849-ADD2-6D857B917367}.Release|x64.Build.0 = Release|Any CPU
		{97E4C7A5-FDBF-4910-95FA-3F344679835A}.Debug|Any CPU.ActiveCfg = Debug|Any CPU
		{97E4C7A5-FDBF-4910-95FA-3F344679835A}.Debug|Any CPU.Build.0 = Debug|Any CPU
		{97E4C7A5-FDBF-4910-95FA-3F344679835A}.Debug|x64.ActiveCfg = Debug|Any CPU
		{97E4C7A5-FDBF-4910-95FA-3F344679835A}.Debug|x64.Build.0 = Debug|Any CPU
		{97E4C7A5-FDBF-4910-95FA-3F344679835A}.Release|Any CPU.ActiveCfg = Release|Any CPU
		{97E4C7A5-FDBF-4910-95FA-3F344679835A}.Release|Any CPU.Build.0 = Release|Any CPU
		{97E4C7A5-FDBF-4910-95FA-3F344679835A}.Release|x64.ActiveCfg = Release|Any CPU
		{97E4C7A5-FDBF-4910-95FA-3F344679835A}.Release|x64.Build.0 = Release|Any CPU
		{38CE5DF0-A743-4324-A8FF-9AB2EFF26159}.Debug|Any CPU.ActiveCfg = Debug|Any CPU
		{38CE5DF0-A743-4324-A8FF-9AB2EFF26159}.Debug|Any CPU.Build.0 = Debug|Any CPU
		{38CE5DF0-A743-4324-A8FF-9AB2EFF26159}.Debug|x64.ActiveCfg = Debug|Any CPU
		{38CE5DF0-A743-4324-A8FF-9AB2EFF26159}.Debug|x64.Build.0 = Debug|Any CPU
		{38CE5DF0-A743-4324-A8FF-9AB2EFF26159}.Release|Any CPU.ActiveCfg = Release|Any CPU
		{38CE5DF0-A743-4324-A8FF-9AB2EFF26159}.Release|Any CPU.Build.0 = Release|Any CPU
		{38CE5DF0-A743-4324-A8FF-9AB2EFF26159}.Release|x64.ActiveCfg = Release|Any CPU
		{38CE5DF0-A743-4324-A8FF-9AB2EFF26159}.Release|x64.Build.0 = Release|Any CPU
		{BE8EFE63-5CE9-4F6B-A33E-7461DBF0F54B}.Debug|Any CPU.ActiveCfg = Debug|Any CPU
		{BE8EFE63-5CE9-4F6B-A33E-7461DBF0F54B}.Debug|Any CPU.Build.0 = Debug|Any CPU
		{BE8EFE63-5CE9-4F6B-A33E-7461DBF0F54B}.Debug|x64.ActiveCfg = Debug|Any CPU
		{BE8EFE63-5CE9-4F6B-A33E-7461DBF0F54B}.Debug|x64.Build.0 = Debug|Any CPU
		{BE8EFE63-5CE9-4F6B-A33E-7461DBF0F54B}.Release|Any CPU.ActiveCfg = Release|Any CPU
		{BE8EFE63-5CE9-4F6B-A33E-7461DBF0F54B}.Release|Any CPU.Build.0 = Release|Any CPU
		{BE8EFE63-5CE9-4F6B-A33E-7461DBF0F54B}.Release|x64.ActiveCfg = Release|Any CPU
		{BE8EFE63-5CE9-4F6B-A33E-7461DBF0F54B}.Release|x64.Build.0 = Release|Any CPU
	EndGlobalSection
	GlobalSection(SolutionProperties) = preSolution
		HideSolutionNode = FALSE
	EndGlobalSection
	GlobalSection(ExtensibilityGlobals) = postSolution
		SolutionGuid = {1F34252C-6468-44F9-A453-744A1CF70C59}
	EndGlobalSection
EndGlobal
